
Microsoft Visual Studio Solution File, Format Version 12.00
# Visual Studio Version 16
VisualStudioVersion = 25.0.1706.7
MinimumVisualStudioVersion = 10.0.40219.1
Project("{FAE04EC0-301F-11D3-BF4B-00C04F79EFBC}") = "BlazorMatchGame", "BlazorMatchGame\BlazorMatchGame.csproj", "{F94AAF63-3249-406A-BB06-7D651C732233}"
EndProject
Global
	GlobalSection(SolutionConfigurationPlatforms) = preSolution
		Debug|Any CPU = Debug|Any CPU
		Release|Any CPU = Release|Any CPU
	EndGlobalSection
	GlobalSection(ProjectConfigurationPlatforms) = postSolution
		{F94AAF63-3249-406A-BB06-7D651C732233}.Debug|Any CPU.ActiveCfg = Debug|Any CPU
		{F94AAF63-3249-406A-BB06-7D651C732233}.Debug|Any CPU.Build.0 = Debug|Any CPU
		{F94AAF63-3249-406A-BB06-7D651C732233}.Release|Any CPU.ActiveCfg = Release|Any CPU
		{F94AAF63-3249-406A-BB06-7D651C732233}.Release|Any CPU.Build.0 = Release|Any CPU
	EndGlobalSection
	GlobalSection(SolutionProperties) = preSolution
		HideSolutionNode = FALSE
	EndGlobalSection
	GlobalSection(ExtensibilityGlobals) = postSolution
		SolutionGuid = {A3B73BD7-CA15-47CB-9D7B-6C34AF2DA4FD}
	EndGlobalSection
EndGlobal
